
Microsoft Visual Studio Solution File, Format Version 10.00
# Visual C# Express 2008
Project("{FAE04EC0-301F-11D3-BF4B-00C04F79EFBC}") = "PhotonLib", "PhotonLib\PhotonLib.vs2008.csproj", "{BB9500D3-FF6D-4AC0-AAD3-516EABB0443E}"
EndProject
Global
	GlobalSection(SolutionConfigurationPlatforms) = preSolution
		Debug|Any CPU = Debug|Any CPU
		Release|Any CPU = Release|Any CPU
	EndGlobalSection
	GlobalSection(ProjectConfigurationPlatforms) = postSolution
		{BB9500D3-FF6D-4AC0-AAD3-516EABB0443E}.Debug|Any CPU.ActiveCfg = Debug|Any CPU
		{BB9500D3-FF6D-4AC0-AAD3-516EABB0443E}.Debug|Any CPU.Build.0 = Debug|Any CPU
		{BB9500D3-FF6D-4AC0-AAD3-516EABB0443E}.Release|Any CPU.ActiveCfg = Release|Any CPU
		{BB9500D3-FF6D-4AC0-AAD3-516EABB0443E}.Release|Any CPU.Build.0 = Release|Any CPU
	EndGlobalSection
	GlobalSection(SolutionProperties) = preSolution
		HideSolutionNode = FALSE
	EndGlobalSection
EndGlobal
